
Microsoft Visual Studio Solution File, Format Version 9.00
# Visual Studio 2005
Project("{54435603-DBB4-11D2-8724-00A0C9A8B90C}") = "spepisapisetup", "spepisapisetup.vdproj", "{58B7A299-6489-4546-9759-5161BC02D50E}"
EndProject
Global
	GlobalSection(SolutionConfigurationPlatforms) = preSolution
		Debug|Default = Debug|Default
		Release|Default = Release|Default
	EndGlobalSection
	GlobalSection(ProjectConfigurationPlatforms) = postSolution
		{58B7A299-6489-4546-9759-5161BC02D50E}.Debug|Default.ActiveCfg = Release
		{58B7A299-6489-4546-9759-5161BC02D50E}.Debug|Default.Build.0 = Release
		{58B7A299-6489-4546-9759-5161BC02D50E}.Release|Default.ActiveCfg = Release
		{58B7A299-6489-4546-9759-5161BC02D50E}.Release|Default.Build.0 = Release
	EndGlobalSection
	GlobalSection(SolutionProperties) = preSolution
		HideSolutionNode = FALSE
	EndGlobalSection
EndGlobal
